PATH
  remote: .
  specs:
    recls-helpers-ruby (0.0.1)
      recls-ruby (~> 2.13)

GEM
  remote: https://rubygems.org/
  specs:
    power_assert (3.1.0)
    rake (13.4.2)
    recls-ruby (2.13.4)
    test-unit (3.7.8)
      power_assert
    xqsr3 (0.39.8)

PLATFORMS
  x86_64-darwin-20

DEPENDENCIES
  rake (~> 13.0)
  recls-helpers-ruby!
  test-unit (~> 3.0)
  xqsr3 (>= 0.39.5, < 1.0)

BUNDLED WITH
   2.2.16
